
Microsoft Visual Studio Solution File, Format Version 12.00
# Visual Studio Version 17
VisualStudioVersion = 17.12.35527.113 d17.12
MinimumVisualStudioVersion = 10.0.40219.1
Project("{FAE04EC0-301F-11D3-BF4B-00C04F79EFBC}") = "TaskFlowApi", "TaskFlowApi.csproj", "{20492641-B7B3-4837-B940-4E4A8864BEC9}"
EndProject
Project("{FAE04EC0-301F-11D3-BF4B-00C04F79EFBC}") = "TaskFlowApi.Tests", "..\TaskFlowApi.Tests\TaskFlowApi.Tests.csproj", "{FC84D35D-FC1A-49B7-987B-A1168DA0E4B1}"
EndProject
Global
	GlobalSection(SolutionConfigurationPlatforms) = preSolution
		Debug|Any CPU = Debug|Any CPU
		Release|Any CPU = Release|Any CPU
	EndGlobalSection
	GlobalSection(ProjectConfigurationPlatforms) = postSolution
		{20492641-B7B3-4837-B940-4E4A8864BEC9}.Debug|Any CPU.ActiveCfg = Debug|Any CPU
		{20492641-B7B3-4837-B940-4E4A8864BEC9}.Debug|Any CPU.Build.0 = Debug|Any CPU
		{20492641-B7B3-4837-B940-4E4A8864BEC9}.Release|Any CPU.ActiveCfg = Release|Any CPU
		{20492641-B7B3-4837-B940-4E4A8864BEC9}.Release|Any CPU.Build.0 = Release|Any CPU
		{FC84D35D-FC1A-49B7-987B-A1168DA0E4B1}.Debug|Any CPU.ActiveCfg = Debug|Any CPU
		{FC84D35D-FC1A-49B7-987B-A1168DA0E4B1}.Debug|Any CPU.Build.0 = Debug|Any CPU
		{FC84D35D-FC1A-49B7-987B-A1168DA0E4B1}.Release|Any CPU.ActiveCfg = Release|Any CPU
		{FC84D35D-FC1A-49B7-987B-A1168DA0E4B1}.Release|Any CPU.Build.0 = Release|Any CPU
	EndGlobalSection
	GlobalSection(SolutionProperties) = preSolution
		HideSolutionNode = FALSE
	EndGlobalSection
EndGlobal
